
Microsoft Visual Studio Solution File, Format Version 12.00
# Visual Studio 15
VisualStudioVersion = 15.0.28307.645
MinimumVisualStudioVersion = 10.0.40219.1
Project("{FAE04EC0-301F-11D3-BF4B-00C04F79EFBC}") = "AutoClickWeb", "AutoClickWeb\AutoClickWeb.csproj", "{35CAC77C-BDCC-467B-B357-1727096F668B}"
EndProject
Global
	GlobalSection(SolutionConfigurationPlatforms) = preSolution
		Debug|Any CPU = Debug|Any CPU
		Release|Any CPU = Release|Any CPU
	EndGlobalSection
	GlobalSection(ProjectConfigurationPlatforms) = postSolution
		{35CAC77C-BDCC-467B-B357-1727096F668B}.Debug|Any CPU.ActiveCfg = Debug|Any CPU
		{35CAC77C-BDCC-467B-B357-1727096F668B}.Debug|Any CPU.Build.0 = Debug|Any CPU
		{35CAC77C-BDCC-467B-B357-1727096F668B}.Release|Any CPU.ActiveCfg = Release|Any CPU
		{35CAC77C-BDCC-467B-B357-1727096F668B}.Release|Any CPU.Build.0 = Release|Any CPU
	EndGlobalSection
	GlobalSection(SolutionProperties) = preSolution
		HideSolutionNode = FALSE
	EndGlobalSection
	GlobalSection(ExtensibilityGlobals) = postSolution
		SolutionGuid = {146C28E4-D252-437E-B852-6AEA4DF813E8}
	EndGlobalSection
EndGlobal
